
Microsoft Visual Studio Solution File, Format Version 12.00
# Visual Studio Version 16
VisualStudioVersion = 16.0.30114.105
MinimumVisualStudioVersion = 10.0.40219.1
Project("{FAE04EC0-301F-11D3-BF4B-00C04F79EFBC}") = "Base", "Base\Base.csproj", "{94397FF5-A6A9-4576-88A1-9F6B8838E909}"
EndProject
Project("{FAE04EC0-301F-11D3-BF4B-00C04F79EFBC}") = "IR", "IR\IR.csproj", "{FBEDD6B3-5A2E-46F2-8D61-D8F056408DC4}"
EndProject
Project("{FAE04EC0-301F-11D3-BF4B-00C04F79EFBC}") = "Neu", "Neu\Neu.csproj", "{AC7C1407-E8D4-4582-9681-CAC3AAF65777}"
EndProject
Global
	GlobalSection(SolutionConfigurationPlatforms) = preSolution
		Debug|Any CPU = Debug|Any CPU
		Release|Any CPU = Release|Any CPU
	EndGlobalSection
	GlobalSection(SolutionProperties) = preSolution
		HideSolutionNode = FALSE
	EndGlobalSection
	GlobalSection(ProjectConfigurationPlatforms) = postSolution
		{94397FF5-A6A9-4576-88A1-9F6B8838E909}.Debug|Any CPU.ActiveCfg = Debug|Any CPU
		{94397FF5-A6A9-4576-88A1-9F6B8838E909}.Debug|Any CPU.Build.0 = Debug|Any CPU
		{94397FF5-A6A9-4576-88A1-9F6B8838E909}.Release|Any CPU.ActiveCfg = Release|Any CPU
		{94397FF5-A6A9-4576-88A1-9F6B8838E909}.Release|Any CPU.Build.0 = Release|Any CPU
		{BBD4BE99-00E3-4C39-B410-31AA6419738B}.Debug|Any CPU.ActiveCfg = Debug|Any CPU
		{BBD4BE99-00E3-4C39-B410-31AA6419738B}.Debug|Any CPU.Build.0 = Debug|Any CPU
		{BBD4BE99-00E3-4C39-B410-31AA6419738B}.Release|Any CPU.ActiveCfg = Release|Any CPU
		{BBD4BE99-00E3-4C39-B410-31AA6419738B}.Release|Any CPU.Build.0 = Release|Any CPU
		{FBEDD6B3-5A2E-46F2-8D61-D8F056408DC4}.Debug|Any CPU.ActiveCfg = Debug|Any CPU
		{FBEDD6B3-5A2E-46F2-8D61-D8F056408DC4}.Debug|Any CPU.Build.0 = Debug|Any CPU
		{FBEDD6B3-5A2E-46F2-8D61-D8F056408DC4}.Release|Any CPU.ActiveCfg = Release|Any CPU
		{FBEDD6B3-5A2E-46F2-8D61-D8F056408DC4}.Release|Any CPU.Build.0 = Release|Any CPU
		{AC7C1407-E8D4-4582-9681-CAC3AAF65777}.Debug|Any CPU.ActiveCfg = Debug|Any CPU
		{AC7C1407-E8D4-4582-9681-CAC3AAF65777}.Debug|Any CPU.Build.0 = Debug|Any CPU
		{AC7C1407-E8D4-4582-9681-CAC3AAF65777}.Release|Any CPU.ActiveCfg = Release|Any CPU
		{AC7C1407-E8D4-4582-9681-CAC3AAF65777}.Release|Any CPU.Build.0 = Release|Any CPU
	EndGlobalSection
EndGlobal
